// !$*UTF8*$!
{
	archiveVersion = 1;
	classes = {
	};
	objectVersion = 46;
	objects = {

/* Begin PBXBuildFile section */
		112FFD801D25854D009AD328 /* AppDelegate.swift in Sources */ = {isa = PBXBuildFile; fileRef = 112FFD7F1D25854D009AD328 /* AppDelegate.swift */; };
		112FFD821D25854D009AD328 /* ViewController.swift in Sources */ = {isa = PBXBuildFile; fileRef = 112FFD811D25854D009AD328 /* ViewController.swift */; };
		112FFD851D25854D009AD328 /* Main.storyboard in Resources */ = {isa = PBXBuildFile; fileRef = 112FFD831D25854D009AD328 /* Main.storyboard */; };
		112FFD871D25854D009AD328 /* Assets.xcassets in Resources */ = {isa = PBXBuildFile; fileRef = 112FFD861D25854D009AD328 /* Assets.xcassets */; };
		112FFD8A1D25854D009AD328 /* LaunchScreen.storyboard in Resources */ = {isa = PBXBuildFile; fileRef = 112FFD881D25854D009AD328 /* LaunchScreen.storyboard */; };
		112FFD951D25854D009AD328 /* MixpanelNotificationTestTests.swift in Sources */ = {isa = PBXBuildFile; fileRef = 112FFD941D25854D009AD328 /* MixpanelNotificationTestTests.swift */; };
		112FFDA01D25854D009AD328 /* MixpanelNotificationTestUITests.swift in Sources */ = {isa = PBXBuildFile; fileRef = 112FFD9F1D25854D009AD328 /* MixpanelNotificationTestUITests.swift */; };
		112FFDBF1D25897E009AD328 /* Mixpanel.framework in Frameworks */ = {isa = PBXBuildFile; fileRef = 112FFDB81D258959009AD328 /* Mixpanel.framework */; };
		112FFDC01D25897E009AD328 /* Mixpanel.framework in Embed Frameworks */ = {isa = PBXBuildFile; fileRef = 112FFDB81D258959009AD328 /* Mixpanel.framework */; settings = {ATTRIBUTES = (CodeSignOnCopy, RemoveHeadersOnCopy, ); }; };
/* End PBXBuildFile section */

/* Begin PBXContainerItemProxy section */
		112FFD911D25854D009AD328 /* PBXContainerItemProxy */ = {
			isa = PBXContainerItemProxy;
			containerPortal = 112FFD741D25854D009AD328 /* Project object */;
			proxyType = 1;
			remoteGlobalIDString = 112FFD7B1D25854D009AD328;
			remoteInfo = MixpanelNotificationTest;
		};
		112FFD9C1D25854D009AD328 /* PBXContainerItemProxy */ = {
			isa = PBXContainerItemProxy;
			containerPortal = 112FFD741D25854D009AD328 /* Project object */;
			proxyType = 1;
			remoteGlobalIDString = 112FFD7B1D25854D009AD328;
			remoteInfo = MixpanelNotificationTest;
		};
		112FFDB71D258959009AD328 /* PBXContainerItemProxy */ = {
			isa = PBXContainerItemProxy;
			containerPortal = 112FFDB01D258959009AD328 /* Mixpanel.xcodeproj */;
			proxyType = 2;
			remoteGlobalIDString = 7C170C2A1A4A02F500D9E0F2;
			remoteInfo = Mixpanel;
		};
		112FFDB91D258959009AD328 /* PBXContainerItemProxy */ = {
			isa = PBXContainerItemProxy;
			containerPortal = 112FFDB01D258959009AD328 /* Mixpanel.xcodeproj */;
			proxyType = 2;
			remoteGlobalIDString = 511FC39D1C2B74BD00DC4796;
			remoteInfo = Mixpanel_watchOS;
		};
		112FFDBB1D258959009AD328 /* PBXContainerItemProxy */ = {
			isa = PBXContainerItemProxy;
			containerPortal = 112FFDB01D258959009AD328 /* Mixpanel.xcodeproj */;
			proxyType = 2;
			remoteGlobalIDString = 513B0BB61C73CA35008EEE6E;
			remoteInfo = MixpanelAppExtension;
		};
		112FFDBD1D258959009AD328 /* PBXContainerItemProxy */ = {
			isa = PBXContainerItemProxy;
			containerPortal = 112FFDB01D258959009AD328 /* Mixpanel.xcodeproj */;
			proxyType = 2;
			remoteGlobalIDString = E1C2BEB61CFD6A010052172F;
			remoteInfo = Mixpanel_tvOS;
		};
		112FFDC11D25897E009AD328 /* PBXContainerItemProxy */ = {
			isa = PBXContainerItemProxy;
			containerPortal = 112FFDB01D258959009AD328 /* Mixpanel.xcodeproj */;
			proxyType = 1;
			remoteGlobalIDString = 7C170C291A4A02F500D9E0F2;
			remoteInfo = Mixpanel;
		};
/* End PBXContainerItemProxy section */

/* Begin PBXCopyFilesBuildPhase section */
		112FFDC31D25897E009AD328 /* Embed Frameworks */ = {
			isa = PBXCopyFilesBuildPhase;
			buildActionMask = 2147483647;
			dstPath = "";
			dstSubfolderSpec = 10;
			files = (
				112FFDC01D25897E009AD328 /* Mixpanel.framework in Embed Frameworks */,
			);
			name = "Embed Frameworks";
			runOnlyForDeploymentPostprocessing = 0;
		};
/* End PBXCopyFilesBuildPhase section */

/* Begin PBXFileReference section */
		112FFD7C1D25854D009AD328 /* MixpanelNotificationTest.app */ = {isa = PBXFileReference; explicitFileType = wrapper.application; includeInIndex = 0; path = MixpanelNotificationTest.app; sourceTree = BUILT_PRODUCTS_DIR; };
		112FFD7F1D25854D009AD328 /* AppDelegate.swift */ = {isa = PBXFileReference; lastKnownFileType = sourcecode.swift; path = AppDelegate.swift; sourceTree = "<group>"; };
		112FFD811D25854D009AD328 /* ViewController.swift */ = {isa = PBXFileReference; lastKnownFileType = sourcecode.swift; path = ViewController.swift; sourceTree = "<group>"; };
		112FFD841D25854D009AD328 /* Base */ = {isa = PBXFileReference; lastKnownFileType = file.storyboard; name = Base; path = Base.lproj/Main.storyboard; sourceTree = "<group>"; };
		112FFD861D25854D009AD328 /* Assets.xcassets */ = {isa = PBXFileReference; lastKnownFileType = folder.assetcatalog; path = Assets.xcassets; sourceTree = "<group>"; };
		112FFD891D25854D009AD328 /* Base */ = {isa = PBXFileReference; lastKnownFileType = file.storyboard; name = Base; path = Base.lproj/LaunchScreen.storyboard; sourceTree = "<group>"; };
		112FFD8B1D25854D009AD328 /* Info.plist */ = {isa = PBXFileReference; lastKnownFileType = text.plist.xml; path = Info.plist; sourceTree = "<group>"; };
		112FFD901D25854D009AD328 /* MixpanelNotificationTestTests.xctest */ = {isa = PBXFileReference; explicitFileType = wrapper.cfbundle; includeInIndex = 0; path = MixpanelNotificationTestTests.xctest; sourceTree = BUILT_PRODUCTS_DIR; };
		112FFD941D25854D009AD328 /* MixpanelNotificationTestTests.swift */ = {isa = PBXFileReference; lastKnownFileType = sourcecode.swift; path = MixpanelNotificationTestTests.swift; sourceTree = "<group>"; };
		112FFD961D25854D009AD328 /* Info.plist */ = {isa = PBXFileReference; lastKnownFileType = text.plist.xml; path = Info.plist; sourceTree = "<group>"; };
		112FFD9B1D25854D009AD328 /* MixpanelNotificationTestUITests.xctest */ = {isa = PBXFileReference; explicitFileType = wrapper.cfbundle; includeInIndex = 0; path = MixpanelNotificationTestUITests.xctest; sourceTree = BUILT_PRODUCTS_DIR; };
		112FFD9F1D25854D009AD328 /* MixpanelNotificationTestUITests.swift */ = {isa = PBXFileReference; lastKnownFileType = sourcecode.swift; path = MixpanelNotificationTestUITests.swift; sourceTree = "<group>"; };
		112FFDA11D25854D009AD328 /* Info.plist */ = {isa = PBXFileReference; lastKnownFileType = text.plist.xml; path = Info.plist; sourceTree = "<group>"; };
		112FFDB01D258959009AD328 /* Mixpanel.xcodeproj */ = {isa = PBXFileReference; lastKnownFileType = "wrapper.pb-project"; name = Mixpanel.xcodeproj; path = "../Mixpanel Test/mixpanel-iphone/Mixpanel.xcodeproj"; sourceTree = "<group>"; };
/* End PBXFileReference section */

/* Begin PBXFrameworksBuildPhase section */
		112FFD791D25854D009AD328 /* Frameworks */ = {
			isa = PBXFrameworksBuildPhase;
			buildActionMask = 2147483647;
			files = (
				112FFDBF1D25897E009AD328 /* Mixpanel.framework in Frameworks */,
			);
			runOnlyForDeploymentPostprocessing = 0;
		};
		112FFD8D1D25854D009AD328 /* Frameworks */ = {
			isa = PBXFrameworksBuildPhase;
			buildActionMask = 2147483647;
			files = (
			);
			runOnlyForDeploymentPostprocessing = 0;
		};
		112FFD981D25854D009AD328 /* Frameworks */ = {
			isa = PBXFrameworksBuildPhase;
			buildActionMask = 2147483647;
			files = (
			);
			runOnlyForDeploymentPostprocessing = 0;
		};
/* End PBXFrameworksBuildPhase section */

/* Begin PBXGroup section */
		112FFD731D25854D009AD328 = {
			isa = PBXGroup;
			children = (
				112FFDB01D258959009AD328 /* Mixpanel.xcodeproj */,
				112FFD7E1D25854D009AD328 /* MixpanelNotificationTest */,
				112FFD931D25854D009AD328 /* MixpanelNotificationTestTests */,
				112FFD9E1D25854D009AD328 /* MixpanelNotificationTestUITests */,
				112FFD7D1D25854D009AD328 /* Products */,
			);
			sourceTree = "<group>";
		};
		112FFD7D1D25854D009AD328 /* Products */ = {
			isa = PBXGroup;
			children = (
				112FFD7C1D25854D009AD328 /* MixpanelNotificationTest.app */,
				112FFD901D25854D009AD328 /* MixpanelNotificationTestTests.xctest */,
				112FFD9B1D25854D009AD328 /* MixpanelNotificationTestUITests.xctest */,
			);
			name = Products;
			sourceTree = "<group>";
		};
		112FFD7E1D25854D009AD328 /* MixpanelNotificationTest */ = {
			isa = PBXGroup;
			children = (
				112FFD7F1D25854D009AD328 /* AppDelegate.swift */,
				112FFD811D25854D009AD328 /* ViewController.swift */,
				112FFD831D25854D009AD328 /* Main.storyboard */,
				112FFD861D25854D009AD328 /* Assets.xcassets */,
				112FFD881D25854D009AD328 /* LaunchScreen.storyboard */,
				112FFD8B1D25854D009AD328 /* Info.plist */,
			);
			path = MixpanelNotificationTest;
			sourceTree = "<group>";
		};
		112FFD931D25854D009AD328 /* MixpanelNotificationTestTests */ = {
			isa = PBXGroup;
			children = (
				112FFD941D25854D009AD328 /* MixpanelNotificationTestTests.swift */,
				112FFD961D25854D009AD328 /* Info.plist */,
			);
			path = MixpanelNotificationTestTests;
			sourceTree = "<group>";
		};
		112FFD9E1D25854D009AD328 /* MixpanelNotificationTestUITests */ = {
			isa = PBXGroup;
			children = (
				112FFD9F1D25854D009AD328 /* MixpanelNotificationTestUITests.swift */,
				112FFDA11D25854D009AD328 /* Info.plist */,
			);
			path = MixpanelNotificationTestUITests;
			sourceTree = "<group>";
		};
		112FFDB11D258959009AD328 /* Products */ = {
			isa = PBXGroup;
			children = (
				112FFDB81D258959009AD328 /* Mixpanel.framework */,
				112FFDBA1D258959009AD328 /* Mixpanel.framework */,
				112FFDBC1D258959009AD328 /* MixpanelAppExtension.framework */,
				112FFDBE1D258959009AD328 /* Mixpanel.framework */,
			);
			name = Products;
			sourceTree = "<group>";
		};
/* End PBXGroup section */

/* Begin PBXNativeTarget section */
		112FFD7B1D25854D009AD328 /* MixpanelNotificationTest */ = {
			isa = PBXNativeTarget;
			buildConfigurationList = 112FFDA41D25854D009AD328 /* Build configuration list for PBXNativeTarget "MixpanelNotificationTest" */;
			buildPhases = (
				112FFD781D25854D009AD328 /* Sources */,
				112FFD791D25854D009AD328 /* Frameworks */,
				112FFD7A1D25854D009AD328 /* Resources */,
				112FFDC31D25897E009AD328 /* Embed Frameworks */,
			);
			buildRules = (
			);
			dependencies = (
				112FFDC21D25897E009AD328 /* PBXTargetDependency */,
			);
			name = MixpanelNotificationTest;
			productName = MixpanelNotificationTest;
			productReference = 112FFD7C1D25854D009AD328 /* MixpanelNotificationTest.app */;
			productType = "com.apple.product-type.application";
		};
		112FFD8F1D25854D009AD328 /* MixpanelNotificationTestTests */ = {
			isa = PBXNativeTarget;
			buildConfigurationList = 112FFDA71D25854D009AD328 /* Build configuration list for PBXNativeTarget "MixpanelNotificationTestTests" */;
			buildPhases = (
				112FFD8C1D25854D009AD328 /* Sources */,
				112FFD8D1D25854D009AD328 /* Frameworks */,
				112FFD8E1D25854D009AD328 /* Resources */,
			);
			buildRules = (
			);
			dependencies = (
				112FFD921D25854D009AD328 /* PBXTargetDependency */,
			);
			name = MixpanelNotificationTestTests;
			productName = MixpanelNotificationTestTests;
			productReference = 112FFD901D25854D009AD328 /* MixpanelNotificationTestTests.xctest */;
			productType = "com.apple.product-type.bundle.unit-test";
		};
		112FFD9A1D25854D009AD328 /* MixpanelNotificationTestUITests */ = {
			isa = PBXNativeTarget;
			buildConfigurationList = 112FFDAA1D25854D009AD328 /* Build configuration list for PBXNativeTarget "MixpanelNotificationTestUITests" */;
			buildPhases = (
				112FFD971D25854D009AD328 /* Sources */,
				112FFD981D25854D009AD328 /* Frameworks */,
				112FFD991D25854D009AD328 /* Resources */,
			);
			buildRules = (
			);
			dependencies = (
				112FFD9D1D25854D009AD328 /* PBXTargetDependency */,
			);
			name = MixpanelNotificationTestUITests;
			productName = MixpanelNotificationTestUITests;
			productReference = 112FFD9B1D25854D009AD328 /* MixpanelNotificationTestUITests.xctest */;
			productType = "com.apple.product-type.bundle.ui-testing";
		};
/* End PBXNativeTarget section */

/* Begin PBXProject section */
		112FFD741D25854D009AD328 /* Project object */ = {
			isa = PBXProject;
			attributes = {
				LastSwiftUpdateCheck = 0730;
				LastUpgradeCheck = 0730;
				ORGANIZATIONNAME = KevinHou;
				TargetAttributes = {
					112FFD7B1D25854D009AD328 = {
						CreatedOnToolsVersion = 7.3.1;
						DevelopmentTeam = XDMAFENL97;
						SystemCapabilities = {
							com.apple.BackgroundModes = {
								enabled = 1;
							};
							com.apple.Push = {
								enabled = 1;
							};
						};
					};
					112FFD8F1D25854D009AD328 = {
						CreatedOnToolsVersion = 7.3.1;
						TestTargetID = 112FFD7B1D25854D009AD328;
					};
					112FFD9A1D25854D009AD328 = {
						CreatedOnToolsVersion = 7.3.1;
						TestTargetID = 112FFD7B1D25854D009AD328;
					};
				};
			};
			buildConfigurationList = 112FFD771D25854D009AD328 /* Build configuration list for PBXProject "MixpanelNotificationTest" */;
			compatibilityVersion = "Xcode 3.2";
			developmentRegion = English;
			hasScannedForEncodings = 0;
			knownRegions = (
				en,
				Base,
			);
			mainGroup = 112FFD731D25854D009AD328;
			productRefGroup = 112FFD7D1D25854D009AD328 /* Products */;
			projectDirPath = "";
			projectReferences = (
				{
					ProductGroup = 112FFDB11D258959009AD328 /* Products */;
					ProjectRef = 112FFDB01D258959009AD328 /* Mixpanel.xcodeproj */;
				},
			);
			projectRoot = "";
			targets = (
				112FFD7B1D25854D009AD328 /* MixpanelNotificationTest */,
				112FFD8F1D25854D009AD328 /* MixpanelNotificationTestTests */,
				112FFD9A1D25854D009AD328 /* MixpanelNotificationTestUITests */,
			);
		};
/* End PBXProject section */

/* Begin PBXReferenceProxy section */
		112FFDB81D258959009AD328 /* Mixpanel.framework */ = {
			isa = PBXReferenceProxy;
			fileType = wrapper.framework;
			path = Mixpanel.framework;
			remoteRef = 112FFDB71D258959009AD328 /* PBXContainerItemProxy */;
			sourceTree = BUILT_PRODUCTS_DIR;
		};
		112FFDBA1D258959009AD328 /* Mixpanel.framework */ = {
			isa = PBXReferenceProxy;
			fileType = wrapper.framework;
			path = Mixpanel.framework;
			remoteRef = 112FFDB91D258959009AD328 /* PBXContainerItemProxy */;
			sourceTree = BUILT_PRODUCTS_DIR;
		};
		112FFDBC1D258959009AD328 /* MixpanelAppExtension.framework */ = {
			isa = PBXReferenceProxy;
			fileType = wrapper.framework;
			path = MixpanelAppExtension.framework;
			remoteRef = 112FFDBB1D258959009AD328 /* PBXContainerItemProxy */;
			sourceTree = BUILT_PRODUCTS_DIR;
		};
		112FFDBE1D258959009AD328 /* Mixpanel.framework */ = {
			isa = PBXReferenceProxy;
			fileType = wrapper.framework;
			path = Mixpanel.framework;
			remoteRef = 112FFDBD1D258959009AD328 /* PBXContainerItemProxy */;
			sourceTree = BUILT_PRODUCTS_DIR;
		};
/* End PBXReferenceProxy section */

/* Begin PBXResourcesBuildPhase section */
		112FFD7A1D25854D009AD328 /* Resources */ = {
			isa = PBXResourcesBuildPhase;
			buildActionMask = 2147483647;
			files = (
				112FFD8A1D25854D009AD328 /* LaunchScreen.storyboard in Resources */,
				112FFD871D25854D009AD328 /* Assets.xcassets in Resources */,
				112FFD851D25854D009AD328 /* Main.storyboard in Resources */,
			);
			runOnlyForDeploymentPostprocessing = 0;
		};
		112FFD8E1D25854D009AD328 /* Resources */ = {
			isa = PBXResourcesBuildPhase;
			buildActionMask = 2147483647;
			files = (
			);
			runOnlyForDeploymentPostprocessing = 0;
		};
		112FFD991D25854D009AD328 /* Resources */ = {
			isa = PBXResourcesBuildPhase;
			buildActionMask = 2147483647;
			files = (
			);
			runOnlyForDeploymentPostprocessing = 0;
		};
/* End PBXResourcesBuildPhase section */

/* Begin PBXSourcesBuildPhase section */
		112FFD781D25854D009AD328 /* Sources */ = {
			isa = PBXSourcesBuildPhase;
			buildActionMask = 2147483647;
			files = (
				112FFD821D25854D009AD328 /* ViewController.swift in Sources */,
				112FFD801D25854D009AD328 /* AppDelegate.swift in Sources */,
			);
			runOnlyForDeploymentPostprocessing = 0;
		};
		112FFD8C1D25854D009AD328 /* Sources */ = {
			isa = PBXSourcesBuildPhase;
			buildActionMask = 2147483647;
			files = (
				112FFD951D25854D009AD328 /* MixpanelNotificationTestTests.swift in Sources */,
			);
			runOnlyForDeploymentPostprocessing = 0;
		};
		112FFD971D25854D009AD328 /* Sources */ = {
			isa = PBXSourcesBuildPhase;
			buildActionMask = 2147483647;
			files = (
				112FFDA01D25854D009AD328 /* MixpanelNotificationTestUITests.swift in Sources */,
			);
			runOnlyForDeploymentPostprocessing = 0;
		};
/* End PBXSourcesBuildPhase section */

/* Begin PBXTargetDependency section */
		112FFD921D25854D009AD328 /* PBXTargetDependency */ = {
			isa = PBXTargetDependency;
			target = 112FFD7B1D25854D009AD328 /* MixpanelNotificationTest */;
			targetProxy = 112FFD911D25854D009AD328 /* PBXContainerItemProxy */;
		};
		112FFD9D1D25854D009AD328 /* PBXTargetDependency */ = {
			isa = PBXTargetDependency;
			target = 112FFD7B1D25854D009AD328 /* MixpanelNotificationTest */;
			targetProxy = 112FFD9C1D25854D009AD328 /* PBXContainerItemProxy */;
		};
		112FFDC21D25897E009AD328 /* PBXTargetDependency */ = {
			isa = PBXTargetDependency;
			name = Mixpanel;
			targetProxy = 112FFDC11D25897E009AD328 /* PBXContainerItemProxy */;
		};
/* End PBXTargetDependency section */

/* Begin PBXVariantGroup section */
		112FFD831D25854D009AD328 /* Main.storyboard */ = {
			isa = PBXVariantGroup;
			children = (
				112FFD841D25854D009AD328 /* Base */,
			);
			name = Main.storyboard;
			sourceTree = "<group>";
		};
		112FFD881D25854D009AD328 /* LaunchScreen.storyboard */ = {
			isa = PBXVariantGroup;
			children = (
				112FFD891D25854D009AD328 /* Base */,
			);
			name = LaunchScreen.storyboard;
			sourceTree = "<group>";
		};
/* End PBXVariantGroup section */

/* Begin XCBuildConfiguration section */
		112FFDA21D25854D009AD328 /* Debug */ = {
			isa = XCBuildConfiguration;
			buildSettings = {
				ALWAYS_SEARCH_USER_PATHS = NO;
				CLANG_ANALYZER_NONNULL = YES;
				CLANG_CXX_LANGUAGE_STANDARD = "gnu++0x";
				CLANG_CXX_LIBRARY = "libc++";
				CLANG_ENABLE_MODULES = YES;
				CLANG_ENABLE_OBJC_ARC = YES;
				CLANG_WARN_BOOL_CONVERSION = YES;
				CLANG_WARN_CONSTANT_CONVERSION = YES;
				CLANG_WARN_DIRECT_OBJC_ISA_USAGE = YES_ERROR;
				CLANG_WARN_EMPTY_BODY = YES;
				CLANG_WARN_ENUM_CONVERSION = YES;
				CLANG_WARN_INT_CONVERSION = YES;
				CLANG_WARN_OBJC_ROOT_CLASS = YES_ERROR;
				CLANG_WARN_UNREACHABLE_CODE = YES;
				CLANG_WARN__DUPLICATE_METHOD_MATCH = YES;
				"CODE_SIGN_IDENTITY[sdk=iphoneos*]" = "iPhone Developer";
				COPY_PHASE_STRIP = NO;
				DEBUG_INFORMATION_FORMAT = dwarf;
				ENABLE_STRICT_OBJC_MSGSEND = YES;
				ENABLE_TESTABILITY = YES;
				GCC_C_LANGUAGE_STANDARD = gnu99;
				GCC_DYNAMIC_NO_PIC = NO;
				GCC_NO_COMMON_BLOCKS = YES;
				GCC_OPTIMIZATION_LEVEL = 0;
				GCC_PREPROCESSOR_DEFINITIONS = (
					"DEBUG=1",
					"$(inherited)",
				);
				GCC_WARN_64_TO_32_BIT_CONVERSION = YES;
				GCC_WARN_ABOUT_RETURN_TYPE = YES_ERROR;
				GCC_WARN_UNDECLARED_SELECTOR = YES;
				GCC_WARN_UNINITIALIZED_AUTOS = YES_AGGRESSIVE;
				GCC_WARN_UNUSED_FUNCTION = YES;
				GCC_WARN_UNUSED_VARIABLE = YES;
				IPHONEOS_DEPLOYMENT_TARGET = 9.3;
				MTL_ENABLE_DEBUG_INFO = YES;
				ONLY_ACTIVE_ARCH = YES;
				SDKROOT = iphoneos;
				SWIFT_OPTIMIZATION_LEVEL = "-Onone";
			};
			name = Debug;
		};
		112FFDA31D25854D009AD328 /* Release */ = {
			isa = XCBuildConfiguration;
			buildSettings = {
				ALWAYS_SEARCH_USER_PATHS = NO;
				CLANG_ANALYZER_NONNULL = YES;
				CLANG_CXX_LANGUAGE_STANDARD = "gnu++0x";
				CLANG_CXX_LIBRARY = "libc++";
				CLANG_ENABLE_MODULES = YES;
				CLANG_ENABLE_OBJC_ARC = YES;
				CLANG_WARN_BOOL_CONVERSION = YES;
				CLANG_WARN_CONSTANT_CONVERSION = YES;
				CLANG_WARN_DIRECT_OBJC_ISA_USAGE = YES_ERROR;
				CLANG_WARN_EMPTY_BODY = YES;
				CLANG_WARN_ENUM_CONVERSION = YES;
				CLANG_WARN_INT_CONVERSION = YES;
				CLANG_WARN_OBJC_ROOT_CLASS = YES_ERROR;
				CLANG_WARN_UNREACHABLE_CODE = YES;
				CLANG_WARN__DUPLICATE_METHOD_MATCH = YES;
				"CODE_SIGN_IDENTITY[sdk=iphoneos*]" = "iPhone Developer";
				COPY_PHASE_STRIP = NO;
				DEBUG_INFORMATION_FORMAT = "dwarf-with-dsym";
				ENABLE_NS_ASSERTIONS = NO;
				ENABLE_STRICT_OBJC_MSGSEND = YES;
				GCC_C_LANGUAGE_STANDARD = gnu99;
				GCC_NO_COMMON_BLOCKS = YES;
				GCC_WARN_64_TO_32_BIT_CONVERSION = YES;
				GCC_WARN_ABOUT_RETURN_TYPE = YES_ERROR;
				GCC_WARN_UNDECLARED_SELECTOR = YES;
				GCC_WARN_UNINITIALIZED_AUTOS = YES_AGGRESSIVE;
				GCC_WARN_UNUSED_FUNCTION = YES;
				GCC_WARN_UNUSED_VARIABLE = YES;
				IPHONEOS_DEPLOYMENT_TARGET = 9.3;
				MTL_ENABLE_DEBUG_INFO = NO;
				SDKROOT = iphoneos;
				VALIDATE_PRODUCT = YES;
			};
			name = Release;
		};
		112FFDA51D25854D009AD328 /* Debug */ = {
			isa = XCBuildConfiguration;
			buildSettings = {
				ASSETCATALOG_COMPILER_APPICON_NAME = AppIcon;
				INFOPLIST_FILE = MixpanelNotificationTest/Info.plist;
				LD_RUNPATH_SEARCH_PATHS = "$(inherited) @executable_path/Frameworks";
				PRODUCT_BUNDLE_IDENTIFIER = com.KevinHou.MixpanelNotificationTest;
				PRODUCT_NAME = "$(TARGET_NAME)";
			};
			name = Debug;
		};
		112FFDA61D25854D009AD328 /* Release */ = {
			isa = XCBuildConfiguration;
			buildSettings = {
				ASSETCATALOG_COMPILER_APPICON_NAME = AppIcon;
				INFOPLIST_FILE = MixpanelNotificationTest/Info.plist;
				LD_RUNPATH_SEARCH_PATHS = "$(inherited) @executable_path/Frameworks";
				PRODUCT_BUNDLE_IDENTIFIER = com.KevinHou.MixpanelNotificationTest;
				PRODUCT_NAME = "$(TARGET_NAME)";
			};
			name = Release;
		};
		112FFDA81D25854D009AD328 /* Debug */ = {
			isa = XCBuildConfiguration;
			buildSettings = {
				BUNDLE_LOADER = "$(TEST_HOST)";
				INFOPLIST_FILE = MixpanelNotificationTestTests/Info.plist;
				LD_RUNPATH_SEARCH_PATHS = "$(inherited) @executable_path/Frameworks @loader_path/Frameworks";
				PRODUCT_BUNDLE_IDENTIFIER = com.KevinHou.MixpanelNotificationTestTests;
				PRODUCT_NAME = "$(TARGET_NAME)";
				TEST_HOST = "$(BUILT_PRODUCTS_DIR)/MixpanelNotificationTest.app/MixpanelNotificationTest";
			};
			name = Debug;
		};
		112FFDA91D25854D009AD328 /* Release */ = {
			isa = XCBuildConfiguration;
			buildSettings = {
				BUNDLE_LOADER = "$(TEST_HOST)";
				INFOPLIST_FILE = MixpanelNotificationTestTests/Info.plist;
				LD_RUNPATH_SEARCH_PATHS = "$(inherited) @executable_path/Frameworks @loader_path/Frameworks";
				PRODUCT_BUNDLE_IDENTIFIER = com.KevinHou.MixpanelNotificationTestTests;
				PRODUCT_NAME = "$(TARGET_NAME)";
				TEST_HOST = "$(BUILT_PRODUCTS_DIR)/MixpanelNotificationTest.app/MixpanelNotificationTest";
			};
			name = Release;
		};
		112FFDAB1D25854D009AD328 /* Debug */ = {
			isa = XCBuildConfiguration;
			buildSettings = {
				INFOPLIST_FILE = MixpanelNotificationTestUITests/Info.plist;
				LD_RUNPATH_SEARCH_PATHS = "$(inherited) @executable_path/Frameworks @loader_path/Frameworks";
				PRODUCT_BUNDLE_IDENTIFIER = com.KevinHou.MixpanelNotificationTestUITests;
				PRODUCT_NAME = "$(TARGET_NAME)";
				TEST_TARGET_NAME = MixpanelNotificationTest;
			};
			name = Debug;
		};
		112FFDAC1D25854D009AD328 /* Release */ = {
			isa = XCBuildConfiguration;
			buildSettings = {
				INFOPLIST_FILE = MixpanelNotificationTestUITests/Info.plist;
				LD_RUNPATH_SEARCH_PATHS = "$(inherited) @executable_path/Frameworks @loader_path/Frameworks";
				PRODUCT_BUNDLE_IDENTIFIER = com.KevinHou.MixpanelNotificationTestUITests;
				PRODUCT_NAME = "$(TARGET_NAME)";
				TEST_TARGET_NAME = MixpanelNotificationTest;
			};
			name = Release;
		};
/* End XCBuildConfiguration section */

/* Begin XCConfigurationList section */
		112FFD771D25854D009AD328 /* Build configuration list for PBXProject "MixpanelNotificationTest" */ = {
			isa = XCConfigurationList;
			buildConfigurations = (
				112FFDA21D25854D009AD328 /* Debug */,
				112FFDA31D25854D009AD328 /* Release */,
			);
			defaultConfigurationIsVisible = 0;
			defaultConfigurationName = Release;
		};
		112FFDA41D25854D009AD328 /* Build configuration list for PBXNativeTarget "MixpanelNotificationTest" */ = {
			isa = XCConfigurationList;
			buildConfigurations = (
				112FFDA51D25854D009AD328 /* Debug */,
				112FFDA61D25854D009AD328 /* Release */,
			);
			defaultConfigurationIsVisible = 0;
		};
		112FFDA71D25854D009AD328 /* Build configuration list for PBXNativeTarget "MixpanelNotificationTestTests" */ = {
			isa = XCConfigurationList;
			buildConfigurations = (
				112FFDA81D25854D009AD328 /* Debug */,
				112FFDA91D25854D009AD328 /* Release */,
			);
			defaultConfigurationIsVisible = 0;
		};
		112FFDAA1D25854D009AD328 /* Build configuration list for PBXNativeTarget "MixpanelNotificationTestUITests" */ = {
			isa = XCConfigurationList;
			buildConfigurations = (
				112FFDAB1D25854D009AD328 /* Debug */,
				112FFDAC1D25854D009AD328 /* Release */,
			);
			defaultConfigurationIsVisible = 0;
		};
/* End XCConfigurationList section */
	};
	rootObject = 112FFD741D25854D009AD328 /* Project object */;
}
